
Microsoft Visual Studio Solution File, Format Version 12.00
# Visual Studio Version 17
VisualStudioVersion = 17.7.34031.279
MinimumVisualStudioVersion = 10.0.40219.1
Project("{9A19103F-16F7-4668-BE54-9A1E7A4F7556}") = "DevFast.Net.Extensions", "src\DevFast.Net.Extensions\DevFast.Net.Extensions.csproj", "{8B1ADFE2-D507-4C8A-8C98-18A4C522DC12}"
EndProject
Project("{FAE04EC0-301F-11D3-BF4B-00C04F79EFBC}") = "DevFast.Net.Extensions.Tests", "src\DevFast.Net.Extensions.Tests\DevFast.Net.Extensions.Tests.csproj", "{0BADD090-BEEB-4353-A755-C1208DA19888}"
EndProject
Global
	GlobalSection(SolutionConfigurationPlatforms) = preSolution
		Debug|Any CPU = Debug|Any CPU
		Release|Any CPU = Release|Any CPU
	EndGlobalSection
	GlobalSection(ProjectConfigurationPlatforms) = postSolution
		{8B1ADFE2-D507-4C8A-8C98-18A4C522DC12}.Debug|Any CPU.ActiveCfg = Debug|Any CPU
		{8B1ADFE2-D507-4C8A-8C98-18A4C522DC12}.Debug|Any CPU.Build.0 = Debug|Any CPU
		{8B1ADFE2-D507-4C8A-8C98-18A4C522DC12}.Release|Any CPU.ActiveCfg = Release|Any CPU
		{8B1ADFE2-D507-4C8A-8C98-18A4C522DC12}.Release|Any CPU.Build.0 = Release|Any CPU
		{0BADD090-BEEB-4353-A755-C1208DA19888}.Debug|Any CPU.ActiveCfg = Debug|Any CPU
		{0BADD090-BEEB-4353-A755-C1208DA19888}.Debug|Any CPU.Build.0 = Debug|Any CPU
		{0BADD090-BEEB-4353-A755-C1208DA19888}.Release|Any CPU.ActiveCfg = Release|Any CPU
		{0BADD090-BEEB-4353-A755-C1208DA19888}.Release|Any CPU.Build.0 = Release|Any CPU
	EndGlobalSection
	GlobalSection(SolutionProperties) = preSolution
		HideSolutionNode = FALSE
	EndGlobalSection
	GlobalSection(ExtensibilityGlobals) = postSolution
		SolutionGuid = {B9D759FF-B9AD-4FC5-8862-5B8105A47910}
	EndGlobalSection
EndGlobal
